
Microsoft Visual Studio Solution File, Format Version 12.00
# Visual Studio Version 16
VisualStudioVersion = 16.0.31112.23
MinimumVisualStudioVersion = 10.0.40219.1
Project("{9A19103F-16F7-4668-BE54-9A1E7A4F7556}") = "海河流域查询", "登录窗口\海河流域查询.csproj", "{4D85A264-FD30-4012-AAEE-986C2106C623}"
EndProject
Global
	GlobalSection(SolutionConfigurationPlatforms) = preSolution
		Debug|Any CPU = Debug|Any CPU
		Release|Any CPU = Release|Any CPU
	EndGlobalSection
	GlobalSection(ProjectConfigurationPlatforms) = postSolution
		{4D85A264-FD30-4012-AAEE-986C2106C623}.Debug|Any CPU.ActiveCfg = Debug|Any CPU
		{4D85A264-FD30-4012-AAEE-986C2106C623}.Debug|Any CPU.Build.0 = Debug|Any CPU
		{4D85A264-FD30-4012-AAEE-986C2106C623}.Release|Any CPU.ActiveCfg = Release|Any CPU
		{4D85A264-FD30-4012-AAEE-986C2106C623}.Release|Any CPU.Build.0 = Release|Any CPU
	EndGlobalSection
	GlobalSection(SolutionProperties) = preSolution
		HideSolutionNode = FALSE
	EndGlobalSection
	GlobalSection(ExtensibilityGlobals) = postSolution
		SolutionGuid = {3CE02CEB-EF06-402D-B5EC-E223A1CDBF0B}
	EndGlobalSection
EndGlobal
